
Microsoft Visual Studio Solution File, Format Version 12.00
# Visual Studio Version 16
VisualStudioVersion = 16.0.32228.343
MinimumVisualStudioVersion = 10.0.40219.1
Project("{FAE04EC0-301F-11D3-BF4B-00C04F79EFBC}") = "APIGateway", "APIGateway\APIGateway.csproj", "{A80586D7-9E18-466E-A4EA-DC30DBA4A4C8}"
EndProject
Project("{2150E333-8FDC-42A3-9474-1A3956D46DE8}") = "Services", "Services", "{05420BE8-73C0-438D-8ED8-9CCFB7146BDF}"
EndProject
Project("{FAE04EC0-301F-11D3-BF4B-00C04F79EFBC}") = "Contact.API", "Services\ContactAPI\Contact.API\Contact.API.csproj", "{9A4A42BE-0C28-40B5-B533-A478ACC33EE9}"
EndProject
Project("{FAE04EC0-301F-11D3-BF4B-00C04F79EFBC}") = "Reservation.API", "Services\ResAPI\Reservation.API\Reservation.API.csproj", "{3EEF95C1-EDD3-4DCF-9D22-C90B022CB5F7}"
EndProject
Project("{2150E333-8FDC-42A3-9474-1A3956D46DE8}") = "ContactAPI", "ContactAPI", "{B83873F1-B01E-4E8A-8015-58C763C253E6}"
EndProject
Project("{2150E333-8FDC-42A3-9474-1A3956D46DE8}") = "ReservationAPI", "ReservationAPI", "{E72119F2-FB19-405C-862A-C5F96811ADE2}"
EndProject
Project("{FAE04EC0-301F-11D3-BF4B-00C04F79EFBC}") = "Contact.API.Infrastructure", "Services\ContactAPI\Contact.API.Infrastructure\Contact.API.Infrastructure.csproj", "{F9CFFD44-9D80-4524-AC8F-FE11E600D481}"
EndProject
Project("{FAE04EC0-301F-11D3-BF4B-00C04F79EFBC}") = "Contact.API.Models", "Services\ContactAPI\Contact.API.Models\Contact.API.Models.csproj", "{AE7B064D-174C-4D37-9B19-954064542337}"
EndProject
Project("{FAE04EC0-301F-11D3-BF4B-00C04F79EFBC}") = "Contact.API.Services", "Services\ContactAPI\Contact.API.Services\Contact.API.Services.csproj", "{BD3C64B2-E68C-4F0D-82FC-CF8FFD09362A}"
EndProject
Project("{FAE04EC0-301F-11D3-BF4B-00C04F79EFBC}") = "Reservation.API.Infrastructure", "Services\ResAPI\Reservation.API.Infrastructure\Reservation.API.Infrastructure.csproj", "{67E410F9-F6AC-47B0-BDC3-F81E5808AFD7}"
EndProject
Project("{FAE04EC0-301F-11D3-BF4B-00C04F79EFBC}") = "Reservation.API.Services", "Services\ResAPI\Reservation.API.Services\Reservation.API.Services.csproj", "{12D93D3A-7ED7-4AAF-972A-A23E5F236BB0}"
EndProject
Project("{FAE04EC0-301F-11D3-BF4B-00C04F79EFBC}") = "Reservation.API.Models", "Services\ResAPI\Reservation.API.Models\Reservation.API.Models.csproj", "{4B400108-9F1C-4A8C-BF5C-874D728933EE}"
EndProject
Global
	GlobalSection(SolutionConfigurationPlatforms) = preSolution
		Debug|Any CPU = Debug|Any CPU
		Release|Any CPU = Release|Any CPU
	EndGlobalSection
	GlobalSection(ProjectConfigurationPlatforms) = postSolution
		{A80586D7-9E18-466E-A4EA-DC30DBA4A4C8}.Debug|Any CPU.ActiveCfg = Debug|Any CPU
		{A80586D7-9E18-466E-A4EA-DC30DBA4A4C8}.Debug|Any CPU.Build.0 = Debug|Any CPU
		{A80586D7-9E18-466E-A4EA-DC30DBA4A4C8}.Release|Any CPU.ActiveCfg = Release|Any CPU
		{A80586D7-9E18-466E-A4EA-DC30DBA4A4C8}.Release|Any CPU.Build.0 = Release|Any CPU
		{9A4A42BE-0C28-40B5-B533-A478ACC33EE9}.Debug|Any CPU.ActiveCfg = Debug|Any CPU
		{9A4A42BE-0C28-40B5-B533-A478ACC33EE9}.Debug|Any CPU.Build.0 = Debug|Any CPU
		{9A4A42BE-0C28-40B5-B533-A478ACC33EE9}.Release|Any CPU.ActiveCfg = Release|Any CPU
		{9A4A42BE-0C28-40B5-B533-A478ACC33EE9}.Release|Any CPU.Build.0 = Release|Any CPU
		{3EEF95C1-EDD3-4DCF-9D22-C90B022CB5F7}.Debug|Any CPU.ActiveCfg = Debug|Any CPU
		{3EEF95C1-EDD3-4DCF-9D22-C90B022CB5F7}.Debug|Any CPU.Build.0 = Debug|Any CPU
		{3EEF95C1-EDD3-4DCF-9D22-C90B022CB5F7}.Release|Any CPU.ActiveCfg = Release|Any CPU
		{3EEF95C1-EDD3-4DCF-9D22-C90B022CB5F7}.Release|Any CPU.Build.0 = Release|Any CPU
		{F9CFFD44-9D80-4524-AC8F-FE11E600D481}.Debug|Any CPU.ActiveCfg = Debug|Any CPU
		{F9CFFD44-9D80-4524-AC8F-FE11E600D481}.Debug|Any CPU.Build.0 = Debug|Any CPU
		{F9CFFD44-9D80-4524-AC8F-FE11E600D481}.Release|Any CPU.ActiveCfg = Release|Any CPU
		{F9CFFD44-9D80-4524-AC8F-FE11E600D481}.Release|Any CPU.Build.0 = Release|Any CPU
		{AE7B064D-174C-4D37-9B19-954064542337}.Debug|Any CPU.ActiveCfg = Debug|Any CPU
		{AE7B064D-174C-4D37-9B19-954064542337}.Debug|Any CPU.Build.0 = Debug|Any CPU
		{AE7B064D-174C-4D37-9B19-954064542337}.Release|Any CPU.ActiveCfg = Release|Any CPU
		{AE7B064D-174C-4D37-9B19-954064542337}.Release|Any CPU.Build.0 = Release|Any CPU
		{BD3C64B2-E68C-4F0D-82FC-CF8FFD09362A}.Debug|Any CPU.ActiveCfg = Debug|Any CPU
		{BD3C64B2-E68C-4F0D-82FC-CF8FFD09362A}.Debug|Any CPU.Build.0 = Debug|Any CPU
		{BD3C64B2-E68C-4F0D-82FC-CF8FFD09362A}.Release|Any CPU.ActiveCfg = Release|Any CPU
		{BD3C64B2-E68C-4F0D-82FC-CF8FFD09362A}.Release|Any CPU.Build.0 = Release|Any CPU
		{67E410F9-F6AC-47B0-BDC3-F81E5808AFD7}.Debug|Any CPU.ActiveCfg = Debug|Any CPU
		{67E410F9-F6AC-47B0-BDC3-F81E5808AFD7}.Debug|Any CPU.Build.0 = Debug|Any CPU
		{67E410F9-F6AC-47B0-BDC3-F81E5808AFD7}.Release|Any CPU.ActiveCfg = Release|Any CPU
		{67E410F9-F6AC-47B0-BDC3-F81E5808AFD7}.Release|Any CPU.Build.0 = Release|Any CPU
		{12D93D3A-7ED7-4AAF-972A-A23E5F236BB0}.Debug|Any CPU.ActiveCfg = Debug|Any CPU
		{12D93D3A-7ED7-4AAF-972A-A23E5F236BB0}.Debug|Any CPU.Build.0 = Debug|Any CPU
		{12D93D3A-7ED7-4AAF-972A-A23E5F236BB0}.Release|Any CPU.ActiveCfg = Release|Any CPU
		{12D93D3A-7ED7-4AAF-972A-A23E5F236BB0}.Release|Any CPU.Build.0 = Release|Any CPU
		{4B400108-9F1C-4A8C-BF5C-874D728933EE}.Debug|Any CPU.ActiveCfg = Debug|Any CPU
		{4B400108-9F1C-4A8C-BF5C-874D728933EE}.Debug|Any CPU.Build.0 = Debug|Any CPU
		{4B400108-9F1C-4A8C-BF5C-874D728933EE}.Release|Any CPU.ActiveCfg = Release|Any CPU
		{4B400108-9F1C-4A8C-BF5C-874D728933EE}.Release|Any CPU.Build.0 = Release|Any CPU
	EndGlobalSection
	GlobalSection(SolutionProperties) = preSolution
		HideSolutionNode = FALSE
	EndGlobalSection
	GlobalSection(NestedProjects) = preSolution
		{9A4A42BE-0C28-40B5-B533-A478ACC33EE9} = {B83873F1-B01E-4E8A-8015-58C763C253E6}
		{3EEF95C1-EDD3-4DCF-9D22-C90B022CB5F7} = {E72119F2-FB19-405C-862A-C5F96811ADE2}
		{B83873F1-B01E-4E8A-8015-58C763C253E6} = {05420BE8-73C0-438D-8ED8-9CCFB7146BDF}
		{E72119F2-FB19-405C-862A-C5F96811ADE2} = {05420BE8-73C0-438D-8ED8-9CCFB7146BDF}
		{F9CFFD44-9D80-4524-AC8F-FE11E600D481} = {B83873F1-B01E-4E8A-8015-58C763C253E6}
		{AE7B064D-174C-4D37-9B19-954064542337} = {B83873F1-B01E-4E8A-8015-58C763C253E6}
		{BD3C64B2-E68C-4F0D-82FC-CF8FFD09362A} = {B83873F1-B01E-4E8A-8015-58C763C253E6}
		{67E410F9-F6AC-47B0-BDC3-F81E5808AFD7} = {E72119F2-FB19-405C-862A-C5F96811ADE2}
		{12D93D3A-7ED7-4AAF-972A-A23E5F236BB0} = {E72119F2-FB19-405C-862A-C5F96811ADE2}
		{4B400108-9F1C-4A8C-BF5C-874D728933EE} = {E72119F2-FB19-405C-862A-C5F96811ADE2}
	EndGlobalSection
	GlobalSection(ExtensibilityGlobals) = postSolution
		SolutionGuid = {721840CC-C68C-4605-8489-4060A3A6193E}
	EndGlobalSection
EndGlobal
